// !$*UTF8*$!
{
	archiveVersion = 1;
	classes = {
	};
	objectVersion = 46;
	objects = {

/* Begin PBXBuildFile section */
		503B43131B144CB30043DE6B /* main.m in Sources */ = {isa = PBXBuildFile; fileRef = 503B43121B144CB30043DE6B /* main.m */; };
		503B43161B144CB30043DE6B /* AppDelegate.m in Sources */ = {isa = PBXBuildFile; fileRef = 503B43151B144CB30043DE6B /* AppDelegate.m */; };
		503B43191B144CB30043DE6B /* FirstViewController.m in Sources */ = {isa = PBXBuildFile; fileRef = 503B43181B144CB30043DE6B /* FirstViewController.m */; };
		503B431C1B144CB30043DE6B /* SecondViewController.m in Sources */ = {isa = PBXBuildFile; fileRef = 503B431B1B144CB30043DE6B /* SecondViewController.m */; };
		503B431F1B144CB30043DE6B /* Main.storyboard in Resources */ = {isa = PBXBuildFile; fileRef = 503B431D1B144CB30043DE6B /* Main.storyboard */; };
		503B43211B144CB30043DE6B /* Images.xcassets in Resources */ = {isa = PBXBuildFile; fileRef = 503B43201B144CB30043DE6B /* Images.xcassets */; };
		503B43241B144CB30043DE6B /* LaunchScreen.xib in Resources */ = {isa = PBXBuildFile; fileRef = 503B43221B144CB30043DE6B /* LaunchScreen.xib */; };
		503B43301B144CB30043DE6B /* PowerfulBannerViewDemoTests.m in Sources */ = {isa = PBXBuildFile; fileRef = 503B432F1B144CB30043DE6B /* PowerfulBannerViewDemoTests.m */; };
		5076E0F31B1D594A00DA0271 /* 4.png in Resources */ = {isa = PBXBuildFile; fileRef = 5076E0F21B1D594A00DA0271 /* 4.png */; };
		5076E0F61B1D597B00DA0271 /* 5.jpg in Resources */ = {isa = PBXBuildFile; fileRef = 5076E0F41B1D597B00DA0271 /* 5.jpg */; };
		5076E0F71B1D597B00DA0271 /* 6.jpg in Resources */ = {isa = PBXBuildFile; fileRef = 5076E0F51B1D597B00DA0271 /* 6.jpg */; };
		508B8B5A1B954F11006E9BF5 /* ThirdViewController.m in Sources */ = {isa = PBXBuildFile; fileRef = 508B8B591B954F11006E9BF5 /* ThirdViewController.m */; };
		50B505431B16BF4200949C03 /* 1.jpg in Resources */ = {isa = PBXBuildFile; fileRef = 50B505421B16BF4200949C03 /* 1.jpg */; };
		50B505451B16C0B200949C03 /* 2.jpg in Resources */ = {isa = PBXBuildFile; fileRef = 50B505441B16C0B200949C03 /* 2.jpg */; };
		50DBEC8D1B186F70000A5EA5 /* ss-detail1.jpg in Resources */ = {isa = PBXBuildFile; fileRef = 50DBEC8C1B186F70000A5EA5 /* ss-detail1.jpg */; };
		50E12CFB1B1EE7420042CF63 /* InfiniteScrollView.m in Sources */ = {isa = PBXBuildFile; fileRef = 50E12CF81B1EE7420042CF63 /* InfiniteScrollView.m */; };
		50E12CFC1B1EE7420042CF63 /* PowerfulBannerView.m in Sources */ = {isa = PBXBuildFile; fileRef = 50E12CFA1B1EE7420042CF63 /* PowerfulBannerView.m */; };
/* End PBXBuildFile section */

/* Begin PBXContainerItemProxy section */
		503B432A1B144CB30043DE6B /* PBXContainerItemProxy */ = {
			isa = PBXContainerItemProxy;
			containerPortal = 503B43051B144CB30043DE6B /* Project object */;
			proxyType = 1;
			remoteGlobalIDString = 503B430C1B144CB30043DE6B;
			remoteInfo = PowerfulBannerViewDemo;
		};
/* End PBXContainerItemProxy section */

/* Begin PBXFileReference section */
		503B430D1B144CB30043DE6B /* PowerfulBannerViewDemo.app */ = {isa = PBXFileReference; explicitFileType = wrapper.application; includeInIndex = 0; path = PowerfulBannerViewDemo.app; sourceTree = BUILT_PRODUCTS_DIR; };
		503B43111B144CB30043DE6B /* Info.plist */ = {isa = PBXFileReference; lastKnownFileType = text.plist.xml; path = Info.plist; sourceTree = "<group>"; };
		503B43121B144CB30043DE6B /* main.m */ = {isa = PBXFileReference; lastKnownFileType = sourcecode.c.objc; path = main.m; sourceTree = "<group>"; };
		503B43141B144CB30043DE6B /* AppDelegate.h */ = {isa = PBXFileReference; lastKnownFileType = sourcecode.c.h; path = AppDelegate.h; sourceTree = "<group>"; };
		503B43151B144CB30043DE6B /* AppDelegate.m */ = {isa = PBXFileReference; lastKnownFileType = sourcecode.c.objc; path = AppDelegate.m; sourceTree = "<group>"; };
		503B43171B144CB30043DE6B /* FirstViewController.h */ = {isa = PBXFileReference; lastKnownFileType = sourcecode.c.h; path = FirstViewController.h; sourceTree = "<group>"; };
		503B43181B144CB30043DE6B /* FirstViewController.m */ = {isa = PBXFileReference; lastKnownFileType = sourcecode.c.objc; path = FirstViewController.m; sourceTree = "<group>"; };
		503B431A1B144CB30043DE6B /* SecondViewController.h */ = {isa = PBXFileReference; lastKnownFileType = sourcecode.c.h; path = SecondViewController.h; sourceTree = "<group>"; };
		503B431B1B144CB30043DE6B /* SecondViewController.m */ = {isa = PBXFileReference; lastKnownFileType = sourcecode.c.objc; path = SecondViewController.m; sourceTree = "<group>"; };
		503B431E1B144CB30043DE6B /* Base */ = {isa = PBXFileReference; lastKnownFileType = file.storyboard; name = Base; path = Base.lproj/Main.storyboard; sourceTree = "<group>"; };
		503B43201B144CB30043DE6B /* Images.xcassets */ = {isa = PBXFileReference; lastKnownFileType = folder.assetcatalog; path = Images.xcassets; sourceTree = "<group>"; };
		503B43231B144CB30043DE6B /* Base */ = {isa = PBXFileReference; lastKnownFileType = file.xib; name = Base; path = Base.lproj/LaunchScreen.xib; sourceTree = "<group>"; };
		503B43291B144CB30043DE6B /* PowerfulBannerViewDemoTests.xctest */ = {isa = PBXFileReference; explicitFileType = wrapper.cfbundle; includeInIndex = 0; path = PowerfulBannerViewDemoTests.xctest; sourceTree = BUILT_PRODUCTS_DIR; };
		503B432E1B144CB30043DE6B /* Info.plist */ = {isa = PBXFileReference; lastKnownFileType = text.plist.xml; path = Info.plist; sourceTree = "<group>"; };
		503B432F1B144CB30043DE6B /* PowerfulBannerViewDemoTests.m */ = {isa = PBXFileReference; lastKnownFileType = sourcecode.c.objc; path = PowerfulBannerViewDemoTests.m; sourceTree = "<group>"; };
		5076E0F21B1D594A00DA0271 /* 4.png */ = {isa = PBXFileReference; lastKnownFileType = image.png; path = 4.png; sourceTree = "<group>"; };
		5076E0F41B1D597B00DA0271 /* 5.jpg */ = {isa = PBXFileReference; lastKnownFileType = image.jpeg; path = 5.jpg; sourceTree = "<group>"; };
		5076E0F51B1D597B00DA0271 /* 6.jpg */ = {isa = PBXFileReference; lastKnownFileType = image.jpeg; path = 6.jpg; sourceTree = "<group>"; };
		508B8B581B954F11006E9BF5 /* ThirdViewController.h */ = {isa = PBXFileReference; fileEncoding = 4; lastKnownFileType = sourcecode.c.h; path = ThirdViewController.h; sourceTree = "<group>"; };
		508B8B591B954F11006E9BF5 /* ThirdViewController.m */ = {isa = PBXFileReference; fileEncoding = 4; lastKnownFileType = sourcecode.c.objc; path = ThirdViewController.m; sourceTree = "<group>"; };
		50B505421B16BF4200949C03 /* 1.jpg */ = {isa = PBXFileReference; lastKnownFileType = image.jpeg; path = 1.jpg; sourceTree = "<group>"; };
		50B505441B16C0B200949C03 /* 2.jpg */ = {isa = PBXFileReference; lastKnownFileType = image.jpeg; path = 2.jpg; sourceTree = "<group>"; };
		50DBEC8C1B186F70000A5EA5 /* ss-detail1.jpg */ = {isa = PBXFileReference; lastKnownFileType = image.jpeg; path = "ss-detail1.jpg"; sourceTree = "<group>"; };
		50E12CF71B1EE7420042CF63 /* InfiniteScrollView.h */ = {isa = PBXFileReference; fileEncoding = 4; lastKnownFileType = sourcecode.c.h; path = InfiniteScrollView.h; sourceTree = "<group>"; };
		50E12CF81B1EE7420042CF63 /* InfiniteScrollView.m */ = {isa = PBXFileReference; fileEncoding = 4; lastKnownFileType = sourcecode.c.objc; path = InfiniteScrollView.m; sourceTree = "<group>"; };
		50E12CF91B1EE7420042CF63 /* PowerfulBannerView.h */ = {isa = PBXFileReference; fileEncoding = 4; lastKnownFileType = sourcecode.c.h; path = PowerfulBannerView.h; sourceTree = "<group>"; };
		50E12CFA1B1EE7420042CF63 /* PowerfulBannerView.m */ = {isa = PBXFileReference; fileEncoding = 4; lastKnownFileType = sourcecode.c.objc; path = PowerfulBannerView.m; sourceTree = "<group>"; };
/* End PBXFileReference section */

/* Begin PBXFrameworksBuildPhase section */
		503B430A1B144CB30043DE6B /* Frameworks */ = {
			isa = PBXFrameworksBuildPhase;
			buildActionMask = 2147483647;
			files = (
			);
			runOnlyForDeploymentPostprocessing = 0;
		};
		503B43261B144CB30043DE6B /* Frameworks */ = {
			isa = PBXFrameworksBuildPhase;
			buildActionMask = 2147483647;
			files = (
			);
			runOnlyForDeploymentPostprocessing = 0;
		};
/* End PBXFrameworksBuildPhase section */

/* Begin PBXGroup section */
		503B43041B144CB30043DE6B = {
			isa = PBXGroup;
			children = (
				503B430F1B144CB30043DE6B /* PowerfulBannerViewDemo */,
				503B432C1B144CB30043DE6B /* PowerfulBannerViewDemoTests */,
				503B430E1B144CB30043DE6B /* Products */,
			);
			sourceTree = "<group>";
		};
		503B430E1B144CB30043DE6B /* Products */ = {
			isa = PBXGroup;
			children = (
				503B430D1B144CB30043DE6B /* PowerfulBannerViewDemo.app */,
				503B43291B144CB30043DE6B /* PowerfulBannerViewDemoTests.xctest */,
			);
			name = Products;
			sourceTree = "<group>";
		};
		503B430F1B144CB30043DE6B /* PowerfulBannerViewDemo */ = {
			isa = PBXGroup;
			children = (
				50E12CF61B1EE7420042CF63 /* PowerfulBannerView */,
				503B43141B144CB30043DE6B /* AppDelegate.h */,
				503B43151B144CB30043DE6B /* AppDelegate.m */,
				503B43171B144CB30043DE6B /* FirstViewController.h */,
				503B43181B144CB30043DE6B /* FirstViewController.m */,
				503B431A1B144CB30043DE6B /* SecondViewController.h */,
				503B431B1B144CB30043DE6B /* SecondViewController.m */,
				508B8B581B954F11006E9BF5 /* ThirdViewController.h */,
				508B8B591B954F11006E9BF5 /* ThirdViewController.m */,
				503B431D1B144CB30043DE6B /* Main.storyboard */,
				503B43201B144CB30043DE6B /* Images.xcassets */,
				503B43221B144CB30043DE6B /* LaunchScreen.xib */,
				503B43101B144CB30043DE6B /* Supporting Files */,
			);
			path = PowerfulBannerViewDemo;
			sourceTree = "<group>";
		};
		503B43101B144CB30043DE6B /* Supporting Files */ = {
			isa = PBXGroup;
			children = (
				50B505421B16BF4200949C03 /* 1.jpg */,
				50B505441B16C0B200949C03 /* 2.jpg */,
				50DBEC8C1B186F70000A5EA5 /* ss-detail1.jpg */,
				5076E0F21B1D594A00DA0271 /* 4.png */,
				5076E0F41B1D597B00DA0271 /* 5.jpg */,
				5076E0F51B1D597B00DA0271 /* 6.jpg */,
				503B43111B144CB30043DE6B /* Info.plist */,
				503B43121B144CB30043DE6B /* main.m */,
			);
			name = "Supporting Files";
			sourceTree = "<group>";
		};
		503B432C1B144CB30043DE6B /* PowerfulBannerViewDemoTests */ = {
			isa = PBXGroup;
			children = (
				503B432F1B144CB30043DE6B /* PowerfulBannerViewDemoTests.m */,
				503B432D1B144CB30043DE6B /* Supporting Files */,
			);
			path = PowerfulBannerViewDemoTests;
			sourceTree = "<group>";
		};
		503B432D1B144CB30043DE6B /* Supporting Files */ = {
			isa = PBXGroup;
			children = (
				503B432E1B144CB30043DE6B /* Info.plist */,
			);
			name = "Supporting Files";
			sourceTree = "<group>";
		};
		50E12CF61B1EE7420042CF63 /* PowerfulBannerView */ = {
			isa = PBXGroup;
			children = (
				50E12CF71B1EE7420042CF63 /* InfiniteScrollView.h */,
				50E12CF81B1EE7420042CF63 /* InfiniteScrollView.m */,
				50E12CF91B1EE7420042CF63 /* PowerfulBannerView.h */,
				50E12CFA1B1EE7420042CF63 /* PowerfulBannerView.m */,
			);
			name = PowerfulBannerView;
			path = ../../PowerfulBannerView;
			sourceTree = "<group>";
		};
/* End PBXGroup section */

/* Begin PBXNativeTarget section */
		503B430C1B144CB30043DE6B /* PowerfulBannerViewDemo */ = {
			isa = PBXNativeTarget;
			buildConfigurationList = 503B43331B144CB30043DE6B /* Build configuration list for PBXNativeTarget "PowerfulBannerViewDemo" */;
			buildPhases = (
				503B43091B144CB30043DE6B /* Sources */,
				503B430A1B144CB30043DE6B /* Frameworks */,
				503B430B1B144CB30043DE6B /* Resources */,
			);
			buildRules = (
			);
			dependencies = (
			);
			name = PowerfulBannerViewDemo;
			productName = PowerfulBannerViewDemo;
			productReference = 503B430D1B144CB30043DE6B /* PowerfulBannerViewDemo.app */;
			productType = "com.apple.product-type.application";
		};
		503B43281B144CB30043DE6B /* PowerfulBannerViewDemoTests */ = {
			isa = PBXNativeTarget;
			buildConfigurationList = 503B43361B144CB30043DE6B /* Build configuration list for PBXNativeTarget "PowerfulBannerViewDemoTests" */;
			buildPhases = (
				503B43251B144CB30043DE6B /* Sources */,
				503B43261B144CB30043DE6B /* Frameworks */,
				503B43271B144CB30043DE6B /* Resources */,
			);
			buildRules = (
			);
			dependencies = (
				503B432B1B144CB30043DE6B /* PBXTargetDependency */,
			);
			name = PowerfulBannerViewDemoTests;
			productName = PowerfulBannerViewDemoTests;
			productReference = 503B43291B144CB30043DE6B /* PowerfulBannerViewDemoTests.xctest */;
			productType = "com.apple.product-type.bundle.unit-test";
		};
/* End PBXNativeTarget section */

/* Begin PBXProject section */
		503B43051B144CB30043DE6B /* Project object */ = {
			isa = PBXProject;
			attributes = {
				LastUpgradeCheck = 0630;
				ORGANIZATIONNAME = SealedCompany;
				TargetAttributes = {
					503B430C1B144CB30043DE6B = {
						CreatedOnToolsVersion = 6.3;
					};
					503B43281B144CB30043DE6B = {
						CreatedOnToolsVersion = 6.3;
						TestTargetID = 503B430C1B144CB30043DE6B;
					};
				};
			};
			buildConfigurationList = 503B43081B144CB30043DE6B /* Build configuration list for PBXProject "PowerfulBannerViewDemo" */;
			compatibilityVersion = "Xcode 3.2";
			developmentRegion = English;
			hasScannedForEncodings = 0;
			knownRegions = (
				en,
				Base,
			);
			mainGroup = 503B43041B144CB30043DE6B;
			productRefGroup = 503B430E1B144CB30043DE6B /* Products */;
			projectDirPath = "";
			projectRoot = "";
			targets = (
				503B430C1B144CB30043DE6B /* PowerfulBannerViewDemo */,
				503B43281B144CB30043DE6B /* PowerfulBannerViewDemoTests */,
			);
		};
/* End PBXProject section */

/* Begin PBXResourcesBuildPhase section */
		503B430B1B144CB30043DE6B /* Resources */ = {
			isa = PBXResourcesBuildPhase;
			buildActionMask = 2147483647;
			files = (
				50DBEC8D1B186F70000A5EA5 /* ss-detail1.jpg in Resources */,
				50B505451B16C0B200949C03 /* 2.jpg in Resources */,
				503B431F1B144CB30043DE6B /* Main.storyboard in Resources */,
				5076E0F31B1D594A00DA0271 /* 4.png in Resources */,
				5076E0F71B1D597B00DA0271 /* 6.jpg in Resources */,
				503B43241B144CB30043DE6B /* LaunchScreen.xib in Resources */,
				5076E0F61B1D597B00DA0271 /* 5.jpg in Resources */,
				503B43211B144CB30043DE6B /* Images.xcassets in Resources */,
				50B505431B16BF4200949C03 /* 1.jpg in Resources */,
			);
			runOnlyForDeploymentPostprocessing = 0;
		};
		503B43271B144CB30043DE6B /* Resources */ = {
			isa = PBXResourcesBuildPhase;
			buildActionMask = 2147483647;
			files = (
			);
			runOnlyForDeploymentPostprocessing = 0;
		};
/* End PBXResourcesBuildPhase section */

/* Begin PBXSourcesBuildPhase section */
		503B43091B144CB30043DE6B /* Sources */ = {
			isa = PBXSourcesBuildPhase;
			buildActionMask = 2147483647;
			files = (
				50E12CFC1B1EE7420042CF63 /* PowerfulBannerView.m in Sources */,
				503B431C1B144CB30043DE6B /* SecondViewController.m in Sources */,
				50E12CFB1B1EE7420042CF63 /* InfiniteScrollView.m in Sources */,
				503B43161B144CB30043DE6B /* AppDelegate.m in Sources */,
				503B43191B144CB30043DE6B /* FirstViewController.m in Sources */,
				503B43131B144CB30043DE6B /* main.m in Sources */,
				508B8B5A1B954F11006E9BF5 /* ThirdViewController.m in Sources */,
			);
			runOnlyForDeploymentPostprocessing = 0;
		};
		503B43251B144CB30043DE6B /* Sources */ = {
			isa = PBXSourcesBuildPhase;
			buildActionMask = 2147483647;
			files = (
				503B43301B144CB30043DE6B /* PowerfulBannerViewDemoTests.m in Sources */,
			);
			runOnlyForDeploymentPostprocessing = 0;
		};
/* End PBXSourcesBuildPhase section */

/* Begin PBXTargetDependency section */
		503B432B1B144CB30043DE6B /* PBXTargetDependency */ = {
			isa = PBXTargetDependency;
			target = 503B430C1B144CB30043DE6B /* PowerfulBannerViewDemo */;
			targetProxy = 503B432A1B144CB30043DE6B /* PBXContainerItemProxy */;
		};
/* End PBXTargetDependency section */

/* Begin PBXVariantGroup section */
		503B431D1B144CB30043DE6B /* Main.storyboard */ = {
			isa = PBXVariantGroup;
			children = (
				503B431E1B144CB30043DE6B /* Base */,
			);
			name = Main.storyboard;
			sourceTree = "<group>";
		};
		503B43221B144CB30043DE6B /* LaunchScreen.xib */ = {
			isa = PBXVariantGroup;
			children = (
				503B43231B144CB30043DE6B /* Base */,
			);
			name = LaunchScreen.xib;
			sourceTree = "<group>";
		};
/* End PBXVariantGroup section */

/* Begin XCBuildConfiguration section */
		503B43311B144CB30043DE6B /* Debug */ = {
			isa = XCBuildConfiguration;
			buildSettings = {
				ALWAYS_SEARCH_USER_PATHS = NO;
				CLANG_CXX_LANGUAGE_STANDARD = "gnu++0x";
				CLANG_CXX_LIBRARY = "libc++";
				CLANG_ENABLE_MODULES = YES;
				CLANG_ENABLE_OBJC_ARC = YES;
				CLANG_WARN_BOOL_CONVERSION = YES;
				CLANG_WARN_CONSTANT_CONVERSION = YES;
				CLANG_WARN_DIRECT_OBJC_ISA_USAGE = YES_ERROR;
				CLANG_WARN_EMPTY_BODY = YES;
				CLANG_WARN_ENUM_CONVERSION = YES;
				CLANG_WARN_INT_CONVERSION = YES;
				CLANG_WARN_OBJC_ROOT_CLASS = YES_ERROR;
				CLANG_WARN_UNREACHABLE_CODE = YES;
				CLANG_WARN__DUPLICATE_METHOD_MATCH = YES;
				"CODE_SIGN_IDENTITY[sdk=iphoneos*]" = "iPhone Developer";
				COPY_PHASE_STRIP = NO;
				DEBUG_INFORMATION_FORMAT = "dwarf-with-dsym";
				ENABLE_STRICT_OBJC_MSGSEND = YES;
				GCC_C_LANGUAGE_STANDARD = gnu99;
				GCC_DYNAMIC_NO_PIC = NO;
				GCC_NO_COMMON_BLOCKS = YES;
				GCC_OPTIMIZATION_LEVEL = 0;
				GCC_PREPROCESSOR_DEFINITIONS = (
					"DEBUG=1",
					"$(inherited)",
				);
				GCC_SYMBOLS_PRIVATE_EXTERN = NO;
				GCC_WARN_64_TO_32_BIT_CONVERSION = YES;
				GCC_WARN_ABOUT_RETURN_TYPE = YES_ERROR;
				GCC_WARN_UNDECLARED_SELECTOR = YES;
				GCC_WARN_UNINITIALIZED_AUTOS = YES_AGGRESSIVE;
				GCC_WARN_UNUSED_FUNCTION = YES;
				GCC_WARN_UNUSED_VARIABLE = YES;
				IPHONEOS_DEPLOYMENT_TARGET = 8.3;
				MTL_ENABLE_DEBUG_INFO = YES;
				ONLY_ACTIVE_ARCH = YES;
				SDKROOT = iphoneos;
			};
			name = Debug;
		};
		503B43321B144CB30043DE6B /* Release */ = {
			isa = XCBuildConfiguration;
			buildSettings = {
				ALWAYS_SEARCH_USER_PATHS = NO;
				CLANG_CXX_LANGUAGE_STANDARD = "gnu++0x";
				CLANG_CXX_LIBRARY = "libc++";
				CLANG_ENABLE_MODULES = YES;
				CLANG_ENABLE_OBJC_ARC = YES;
				CLANG_WARN_BOOL_CONVERSION = YES;
				CLANG_WARN_CONSTANT_CONVERSION = YES;
				CLANG_WARN_DIRECT_OBJC_ISA_USAGE = YES_ERROR;
				CLANG_WARN_EMPTY_BODY = YES;
				CLANG_WARN_ENUM_CONVERSION = YES;
				CLANG_WARN_INT_CONVERSION = YES;
				CLANG_WARN_OBJC_ROOT_CLASS = YES_ERROR;
				CLANG_WARN_UNREACHABLE_CODE = YES;
				CLANG_WARN__DUPLICATE_METHOD_MATCH = YES;
				"CODE_SIGN_IDENTITY[sdk=iphoneos*]" = "iPhone Developer";
				COPY_PHASE_STRIP = NO;
				DEBUG_INFORMATION_FORMAT = "dwarf-with-dsym";
				ENABLE_NS_ASSERTIONS = NO;
				ENABLE_STRICT_OBJC_MSGSEND = YES;
				GCC_C_LANGUAGE_STANDARD = gnu99;
				GCC_NO_COMMON_BLOCKS = YES;
				GCC_WARN_64_TO_32_BIT_CONVERSION = YES;
				GCC_WARN_ABOUT_RETURN_TYPE = YES_ERROR;
				GCC_WARN_UNDECLARED_SELECTOR = YES;
				GCC_WARN_UNINITIALIZED_AUTOS = YES_AGGRESSIVE;
				GCC_WARN_UNUSED_FUNCTION = YES;
				GCC_WARN_UNUSED_VARIABLE = YES;
				IPHONEOS_DEPLOYMENT_TARGET = 8.3;
				MTL_ENABLE_DEBUG_INFO = NO;
				SDKROOT = iphoneos;
				VALIDATE_PRODUCT = YES;
			};
			name = Release;
		};
		503B43341B144CB30043DE6B /* Debug */ = {
			isa = XCBuildConfiguration;
			buildSettings = {
				ASSETCATALOG_COMPILER_APPICON_NAME = AppIcon;
				INFOPLIST_FILE = PowerfulBannerViewDemo/Info.plist;
				IPHONEOS_DEPLOYMENT_TARGET = 6.0;
				LD_RUNPATH_SEARCH_PATHS = "$(inherited) @executable_path/Frameworks";
				LIBRARY_SEARCH_PATHS = (
					"$(inherited)",
					"$(PROJECT_DIR)",
				);
				PRODUCT_NAME = "$(TARGET_NAME)";
			};
			name = Debug;
		};
		503B43351B144CB30043DE6B /* Release */ = {
			isa = XCBuildConfiguration;
			buildSettings = {
				ASSETCATALOG_COMPILER_APPICON_NAME = AppIcon;
				INFOPLIST_FILE = PowerfulBannerViewDemo/Info.plist;
				IPHONEOS_DEPLOYMENT_TARGET = 6.0;
				LD_RUNPATH_SEARCH_PATHS = "$(inherited) @executable_path/Frameworks";
				LIBRARY_SEARCH_PATHS = (
					"$(inherited)",
					"$(PROJECT_DIR)",
				);
				PRODUCT_NAME = "$(TARGET_NAME)";
			};
			name = Release;
		};
		503B43371B144CB30043DE6B /* Debug */ = {
			isa = XCBuildConfiguration;
			buildSettings = {
				BUNDLE_LOADER = "$(TEST_HOST)";
				FRAMEWORK_SEARCH_PATHS = (
					"$(SDKROOT)/Developer/Library/Frameworks",
					"$(inherited)",
				);
				GCC_PREPROCESSOR_DEFINITIONS = (
					"DEBUG=1",
					"$(inherited)",
				);
				INFOPLIST_FILE = PowerfulBannerViewDemoTests/Info.plist;
				LD_RUNPATH_SEARCH_PATHS = "$(inherited) @executable_path/Frameworks @loader_path/Frameworks";
				PRODUCT_NAME = "$(TARGET_NAME)";
				TEST_HOST = "$(BUILT_PRODUCTS_DIR)/PowerfulBannerViewDemo.app/PowerfulBannerViewDemo";
			};
			name = Debug;
		};
		503B43381B144CB30043DE6B /* Release */ = {
			isa = XCBuildConfiguration;
			buildSettings = {
				BUNDLE_LOADER = "$(TEST_HOST)";
				FRAMEWORK_SEARCH_PATHS = (
					"$(SDKROOT)/Developer/Library/Frameworks",
					"$(inherited)",
				);
				INFOPLIST_FILE = PowerfulBannerViewDemoTests/Info.plist;
				LD_RUNPATH_SEARCH_PATHS = "$(inherited) @executable_path/Frameworks @loader_path/Frameworks";
				PRODUCT_NAME = "$(TARGET_NAME)";
				TEST_HOST = "$(BUILT_PRODUCTS_DIR)/PowerfulBannerViewDemo.app/PowerfulBannerViewDemo";
			};
			name = Release;
		};
/* End XCBuildConfiguration section */

/* Begin XCConfigurationList section */
		503B43081B144CB30043DE6B /* Build configuration list for PBXProject "PowerfulBannerViewDemo" */ = {
			isa = XCConfigurationList;
			buildConfigurations = (
				503B43311B144CB30043DE6B /* Debug */,
				503B43321B144CB30043DE6B /* Release */,
			);
			defaultConfigurationIsVisible = 0;
			defaultConfigurationName = Release;
		};
		503B43331B144CB30043DE6B /* Build configuration list for PBXNativeTarget "PowerfulBannerViewDemo" */ = {
			isa = XCConfigurationList;
			buildConfigurations = (
				503B43341B144CB30043DE6B /* Debug */,
				503B43351B144CB30043DE6B /* Release */,
			);
			defaultConfigurationIsVisible = 0;
			defaultConfigurationName = Release;
		};
		503B43361B144CB30043DE6B /* Build configuration list for PBXNativeTarget "PowerfulBannerViewDemoTests" */ = {
			isa = XCConfigurationList;
			buildConfigurations = (
				503B43371B144CB30043DE6B /* Debug */,
				503B43381B144CB30043DE6B /* Release */,
			);
			defaultConfigurationIsVisible = 0;
			defaultConfigurationName = Release;
		};
/* End XCConfigurationList section */
	};
	rootObject = 503B43051B144CB30043DE6B /* Project object */;
}
